
Microsoft Visual Studio Solution File, Format Version 12.00
# Visual Studio Version 16
VisualStudioVersion = 16.0.31321.278
MinimumVisualStudioVersion = 10.0.40219.1
Project("{FAE04EC0-301F-11D3-BF4B-00C04F79EFBC}") = "CotoviaSite2", "CotoviaSite2\CotoviaSite2.csproj", "{EC760526-475C-43CE-9652-1B3152CDB97A}"
EndProject
Global
	GlobalSection(SolutionConfigurationPlatforms) = preSolution
		Debug|Any CPU = Debug|Any CPU
		Release|Any CPU = Release|Any CPU
	EndGlobalSection
	GlobalSection(ProjectConfigurationPlatforms) = postSolution
		{EC760526-475C-43CE-9652-1B3152CDB97A}.Debug|Any CPU.ActiveCfg = Debug|Any CPU
		{EC760526-475C-43CE-9652-1B3152CDB97A}.Debug|Any CPU.Build.0 = Debug|Any CPU
		{EC760526-475C-43CE-9652-1B3152CDB97A}.Release|Any CPU.ActiveCfg = Release|Any CPU
		{EC760526-475C-43CE-9652-1B3152CDB97A}.Release|Any CPU.Build.0 = Release|Any CPU
	EndGlobalSection
	GlobalSection(SolutionProperties) = preSolution
		HideSolutionNode = FALSE
	EndGlobalSection
	GlobalSection(ExtensibilityGlobals) = postSolution
		SolutionGuid = {1F04810F-B825-45BF-9FF6-3128B9E80968}
	EndGlobalSection
EndGlobal
